
Microsoft Visual Studio Solution File, Format Version 12.00
# Visual Studio Version 17
VisualStudioVersion = 17.14.35906.104 d17.14
MinimumVisualStudioVersion = 10.0.40219.1
Project("{FAE04EC0-301F-11D3-BF4B-00C04F79EFBC}") = "ECommerceApp", "ECommerceApp\ECommerceApp.csproj", "{A6359BA0-B8DC-4C92-A2DD-30D5CB911DBB}"
EndProject
Global
	GlobalSection(SolutionConfigurationPlatforms) = preSolution
		Debug|Any CPU = Debug|Any CPU
		Release|Any CPU = Release|Any CPU
	EndGlobalSection
	GlobalSection(ProjectConfigurationPlatforms) = postSolution
		{A6359BA0-B8DC-4C92-A2DD-30D5CB911DBB}.Debug|Any CPU.ActiveCfg = Debug|Any CPU
		{A6359BA0-B8DC-4C92-A2DD-30D5CB911DBB}.Debug|Any CPU.Build.0 = Debug|Any CPU
		{A6359BA0-B8DC-4C92-A2DD-30D5CB911DBB}.Release|Any CPU.ActiveCfg = Release|Any CPU
		{A6359BA0-B8DC-4C92-A2DD-30D5CB911DBB}.Release|Any CPU.Build.0 = Release|Any CPU
	EndGlobalSection
	GlobalSection(SolutionProperties) = preSolution
		HideSolutionNode = FALSE
	EndGlobalSection
	GlobalSection(ExtensibilityGlobals) = postSolution
		SolutionGuid = {F8B9950A-EBB6-4E84-8989-746C4FE32218}
	EndGlobalSection
EndGlobal
